// !$*UTF8*$!
{
	archiveVersion = 1;
	classes = {
	};
	objectVersion = 50;
	objects = {

/* Begin PBXBuildFile section */
		13288AC62541158600AA9EEF /* CircleImage.swift in Sources */ = {isa = PBXBuildFile; fileRef = 13288AC52541158600AA9EEF /* CircleImage.swift */; };
		132BEBE825803B5200402C5D /* FilterItems.swift in Sources */ = {isa = PBXBuildFile; fileRef = 132BEBE725803B5200402C5D /* FilterItems.swift */; };
		224AA7E3252E696800194BF5 /* EditAssignmentView.swift in Sources */ = {isa = PBXBuildFile; fileRef = 224AA7E2252E696800194BF5 /* EditAssignmentView.swift */; };
		224AA7E6252E697B00194BF5 /* AddAssignmentView.swift in Sources */ = {isa = PBXBuildFile; fileRef = 224AA7E5252E697B00194BF5 /* AddAssignmentView.swift */; };
		224AA7E9252E698700194BF5 /* AssignmentView.swift in Sources */ = {isa = PBXBuildFile; fileRef = 224AA7E8252E698700194BF5 /* AssignmentView.swift */; };
		22D54353252E67970069E6D2 /* UIUC_Student_PlannerApp.swift in Sources */ = {isa = PBXBuildFile; fileRef = 22D54352252E67970069E6D2 /* UIUC_Student_PlannerApp.swift */; };
		22D54355252E67970069E6D2 /* ContentView.swift in Sources */ = {isa = PBXBuildFile; fileRef = 22D54354252E67970069E6D2 /* ContentView.swift */; };
		22D54357252E67980069E6D2 /* Assets.xcassets in Resources */ = {isa = PBXBuildFile; fileRef = 22D54356252E67980069E6D2 /* Assets.xcassets */; };
		22D5435A252E67980069E6D2 /* Preview Assets.xcassets in Resources */ = {isa = PBXBuildFile; fileRef = 22D54359252E67980069E6D2 /* Preview Assets.xcassets */; };
		22D5435C252E67980069E6D2 /* Persistence.swift in Sources */ = {isa = PBXBuildFile; fileRef = 22D5435B252E67980069E6D2 /* Persistence.swift */; };
		22D5435F252E67980069E6D2 /* UIUC_Student_Planner.xcdatamodeld in Sources */ = {isa = PBXBuildFile; fileRef = 22D5435D252E67980069E6D2 /* UIUC_Student_Planner.xcdatamodeld */; };
		230BB70A2573359300FD0572 /* Color+Ext.swift in Sources */ = {isa = PBXBuildFile; fileRef = 230BB7092573359300FD0572 /* Color+Ext.swift */; };
		230DB4D7253F9CBB005D7427 /* DeadlinePickerView.swift in Sources */ = {isa = PBXBuildFile; fileRef = 230DB4D6253F9CBB005D7427 /* DeadlinePickerView.swift */; };
		23196996257B96B600F8CCCA /* CourseSettingView.swift in Sources */ = {isa = PBXBuildFile; fileRef = 23196995257B96B600F8CCCA /* CourseSettingView.swift */; };
		237CC853257BE2C400F4D562 /* AssignmentCardView.swift in Sources */ = {isa = PBXBuildFile; fileRef = 237CC852257BE2C400F4D562 /* AssignmentCardView.swift */; };
		237CC857257C04C800F4D562 /* Util.swift in Sources */ = {isa = PBXBuildFile; fileRef = 237CC856257C04C800F4D562 /* Util.swift */; };
		237E09A9253A661E00B26AB2 /* Date+Ext.swift in Sources */ = {isa = PBXBuildFile; fileRef = 237E09A8253A661E00B26AB2 /* Date+Ext.swift */; };
		23D0A6CC25620A0400AC1970 /* Collection+Ext.swift in Sources */ = {isa = PBXBuildFile; fileRef = 23D0A6CB25620A0400AC1970 /* Collection+Ext.swift */; };
		23DEC734257C13D200888D12 /* Binding+Ext.swift in Sources */ = {isa = PBXBuildFile; fileRef = 23DEC733257C13D200888D12 /* Binding+Ext.swift */; };
		23F332C725461D46007811B2 /* TagView.swift in Sources */ = {isa = PBXBuildFile; fileRef = 23F332C625461D46007811B2 /* TagView.swift */; };
		23F332CE25463091007811B2 /* String+Ext.swift in Sources */ = {isa = PBXBuildFile; fileRef = 23F332CD25463091007811B2 /* String+Ext.swift */; };
		790F44BC255C8CA90066ECA4 /* HomeView.swift in Sources */ = {isa = PBXBuildFile; fileRef = 790F44BB255C8CA90066ECA4 /* HomeView.swift */; };
		790F44C3255C8E2F0066ECA4 /* Settings.swift in Sources */ = {isa = PBXBuildFile; fileRef = 790F44C2255C8E2F0066ECA4 /* Settings.swift */; };
		79852E2425604E9800CEB5B1 /* AddCourse.swift in Sources */ = {isa = PBXBuildFile; fileRef = 79852E2325604E9800CEB5B1 /* AddCourse.swift */; };
		79A125D425606958008A3A90 /* EditCourseView.swift in Sources */ = {isa = PBXBuildFile; fileRef = 79A125D325606958008A3A90 /* EditCourseView.swift */; };
		79A125D725606B0D008A3A90 /* CourseDetailView.swift in Sources */ = {isa = PBXBuildFile; fileRef = 79A125D625606B0D008A3A90 /* CourseDetailView.swift */; };
		79A125DA2560CBA9008A3A90 /* TagSettings.swift in Sources */ = {isa = PBXBuildFile; fileRef = 79A125D92560CBA9008A3A90 /* TagSettings.swift */; };
		79DCCA01255C959E000CAB0C /* CourseView.swift in Sources */ = {isa = PBXBuildFile; fileRef = 79DCCA00255C959E000CAB0C /* CourseView.swift */; };
		A8D2211A253D256500E2A13A /* AssignmentAttributes.swift in Sources */ = {isa = PBXBuildFile; fileRef = A8D22119253D256400E2A13A /* AssignmentAttributes.swift */; };
/* End PBXBuildFile section */

/* Begin PBXFileReference section */
		13288AC52541158600AA9EEF /* CircleImage.swift */ = {isa = PBXFileReference; lastKnownFileType = sourcecode.swift; path = CircleImage.swift; sourceTree = "<group>"; };
		132BEBE725803B5200402C5D /* FilterItems.swift */ = {isa = PBXFileReference; lastKnownFileType = sourcecode.swift; path = FilterItems.swift; sourceTree = "<group>"; };
		224AA7E2252E696800194BF5 /* EditAssignmentView.swift */ = {isa = PBXFileReference; lastKnownFileType = sourcecode.swift; path = EditAssignmentView.swift; sourceTree = "<group>"; };
		224AA7E5252E697B00194BF5 /* AddAssignmentView.swift */ = {isa = PBXFileReference; lastKnownFileType = sourcecode.swift; path = AddAssignmentView.swift; sourceTree = "<group>"; };
		224AA7E8252E698700194BF5 /* AssignmentView.swift */ = {isa = PBXFileReference; lastKnownFileType = sourcecode.swift; path = AssignmentView.swift; sourceTree = "<group>"; };
		22D5434F252E67970069E6D2 /* UIUC Student Planner.app */ = {isa = PBXFileReference; explicitFileType = wrapper.application; includeInIndex = 0; path = "UIUC Student Planner.app"; sourceTree = BUILT_PRODUCTS_DIR; };
		22D54352252E67970069E6D2 /* UIUC_Student_PlannerApp.swift */ = {isa = PBXFileReference; lastKnownFileType = sourcecode.swift; path = UIUC_Student_PlannerApp.swift; sourceTree = "<group>"; };
		22D54354252E67970069E6D2 /* ContentView.swift */ = {isa = PBXFileReference; lastKnownFileType = sourcecode.swift; path = ContentView.swift; sourceTree = "<group>"; };
		22D54356252E67980069E6D2 /* Assets.xcassets */ = {isa = PBXFileReference; lastKnownFileType = folder.assetcatalog; path = Assets.xcassets; sourceTree = "<group>"; };
		22D54359252E67980069E6D2 /* Preview Assets.xcassets */ = {isa = PBXFileReference; lastKnownFileType = folder.assetcatalog; path = "Preview Assets.xcassets"; sourceTree = "<group>"; };
		22D5435B252E67980069E6D2 /* Persistence.swift */ = {isa = PBXFileReference; lastKnownFileType = sourcecode.swift; path = Persistence.swift; sourceTree = "<group>"; };
		22D5435E252E67980069E6D2 /* UIUC_Student_Planner.xcdatamodel */ = {isa = PBXFileReference; lastKnownFileType = wrapper.xcdatamodel; path = UIUC_Student_Planner.xcdatamodel; sourceTree = "<group>"; };
		22D54360252E67980069E6D2 /* Info.plist */ = {isa = PBXFileReference; lastKnownFileType = text.plist.xml; path = Info.plist; sourceTree = "<group>"; };
		230BB7092573359300FD0572 /* Color+Ext.swift */ = {isa = PBXFileReference; lastKnownFileType = sourcecode.swift; path = "Color+Ext.swift"; sourceTree = "<group>"; };
		230DB4D6253F9CBB005D7427 /* DeadlinePickerView.swift */ = {isa = PBXFileReference; lastKnownFileType = sourcecode.swift; path = DeadlinePickerView.swift; sourceTree = "<group>"; };
		23196995257B96B600F8CCCA /* CourseSettingView.swift */ = {isa = PBXFileReference; lastKnownFileType = sourcecode.swift; path = CourseSettingView.swift; sourceTree = "<group>"; };
		237CC852257BE2C400F4D562 /* AssignmentCardView.swift */ = {isa = PBXFileReference; lastKnownFileType = sourcecode.swift; path = AssignmentCardView.swift; sourceTree = "<group>"; };
		237CC856257C04C800F4D562 /* Util.swift */ = {isa = PBXFileReference; lastKnownFileType = sourcecode.swift; path = Util.swift; sourceTree = "<group>"; };
		237E09A8253A661E00B26AB2 /* Date+Ext.swift */ = {isa = PBXFileReference; lastKnownFileType = sourcecode.swift; path = "Date+Ext.swift"; sourceTree = "<group>"; };
		23D0A6CB25620A0400AC1970 /* Collection+Ext.swift */ = {isa = PBXFileReference; lastKnownFileType = sourcecode.swift; path = "Collection+Ext.swift"; sourceTree = "<group>"; };
		23DEC733257C13D200888D12 /* Binding+Ext.swift */ = {isa = PBXFileReference; lastKnownFileType = sourcecode.swift; path = "Binding+Ext.swift"; sourceTree = "<group>"; };
		23F332C625461D46007811B2 /* TagView.swift */ = {isa = PBXFileReference; fileEncoding = 4; lastKnownFileType = sourcecode.swift; path = TagView.swift; sourceTree = "<group>"; };
		23F332CD25463091007811B2 /* String+Ext.swift */ = {isa = PBXFileReference; lastKnownFileType = sourcecode.swift; path = "String+Ext.swift"; sourceTree = "<group>"; };
		790F44BB255C8CA90066ECA4 /* HomeView.swift */ = {isa = PBXFileReference; lastKnownFileType = sourcecode.swift; path = HomeView.swift; sourceTree = "<group>"; };
		790F44C2255C8E2F0066ECA4 /* Settings.swift */ = {isa = PBXFileReference; lastKnownFileType = sourcecode.swift; path = Settings.swift; sourceTree = "<group>"; };
		79852E2325604E9800CEB5B1 /* AddCourse.swift */ = {isa = PBXFileReference; lastKnownFileType = sourcecode.swift; path = AddCourse.swift; sourceTree = "<group>"; };
		79A125D325606958008A3A90 /* EditCourseView.swift */ = {isa = PBXFileReference; lastKnownFileType = sourcecode.swift; path = EditCourseView.swift; sourceTree = "<group>"; };
		79A125D625606B0D008A3A90 /* CourseDetailView.swift */ = {isa = PBXFileReference; lastKnownFileType = sourcecode.swift; path = CourseDetailView.swift; sourceTree = "<group>"; };
		79A125D92560CBA9008A3A90 /* TagSettings.swift */ = {isa = PBXFileReference; lastKnownFileType = sourcecode.swift; path = TagSettings.swift; sourceTree = "<group>"; };
		79DCCA00255C959E000CAB0C /* CourseView.swift */ = {isa = PBXFileReference; lastKnownFileType = sourcecode.swift; path = CourseView.swift; sourceTree = "<group>"; };
		A8D22119253D256400E2A13A /* AssignmentAttributes.swift */ = {isa = PBXFileReference; lastKnownFileType = sourcecode.swift; path = AssignmentAttributes.swift; sourceTree = "<group>"; };
/* End PBXFileReference section */

/* Begin PBXFrameworksBuildPhase section */
		22D5434C252E67970069E6D2 /* Frameworks */ = {
			isa = PBXFrameworksBuildPhase;
			buildActionMask = 2147483647;
			files = (
			);
			runOnlyForDeploymentPostprocessing = 0;
		};
/* End PBXFrameworksBuildPhase section */

/* Begin PBXGroup section */
		22D54346252E67970069E6D2 = {
			isa = PBXGroup;
			children = (
				22D54351252E67970069E6D2 /* UIUC Student Planner */,
				22D54350252E67970069E6D2 /* Products */,
			);
			sourceTree = "<group>";
		};
		22D54350252E67970069E6D2 /* Products */ = {
			isa = PBXGroup;
			children = (
				22D5434F252E67970069E6D2 /* UIUC Student Planner.app */,
			);
			name = Products;
			sourceTree = "<group>";
		};
		22D54351252E67970069E6D2 /* UIUC Student Planner */ = {
			isa = PBXGroup;
			children = (
				2375CEC82561FDFB00ED0DB1 /* Settings */,
				2375CEC72561FDDC00ED0DB1 /* Course */,
				230DB4D5253F9CA7005D7427 /* SupportingView */,
				237E09A7253A65F400B26AB2 /* Utilities */,
				22D54352252E67970069E6D2 /* UIUC_Student_PlannerApp.swift */,
				13288AC52541158600AA9EEF /* CircleImage.swift */,
				22D54354252E67970069E6D2 /* ContentView.swift */,
				790F44BB255C8CA90066ECA4 /* HomeView.swift */,
				132BEBE725803B5200402C5D /* FilterItems.swift */,
				A8D22119253D256400E2A13A /* AssignmentAttributes.swift */,
				224AA7E8252E698700194BF5 /* AssignmentView.swift */,
				224AA7E5252E697B00194BF5 /* AddAssignmentView.swift */,
				22D54356252E67980069E6D2 /* Assets.xcassets */,
				22D5435B252E67980069E6D2 /* Persistence.swift */,
				22D54360252E67980069E6D2 /* Info.plist */,
				22D5435D252E67980069E6D2 /* UIUC_Student_Planner.xcdatamodeld */,
				794B38AE256F23FA008BA859 /* Extra Edit Views */,
				22D54358252E67980069E6D2 /* Preview Content */,
			);
			path = "UIUC Student Planner";
			sourceTree = "<group>";
		};
		22D54358252E67980069E6D2 /* Preview Content */ = {
			isa = PBXGroup;
			children = (
				22D54359252E67980069E6D2 /* Preview Assets.xcassets */,
			);
			path = "Preview Content";
			sourceTree = "<group>";
		};
		230DB4D5253F9CA7005D7427 /* SupportingView */ = {
			isa = PBXGroup;
			children = (
				230DB4D6253F9CBB005D7427 /* DeadlinePickerView.swift */,
				23F332C625461D46007811B2 /* TagView.swift */,
				237CC852257BE2C400F4D562 /* AssignmentCardView.swift */,
			);
			path = SupportingView;
			sourceTree = "<group>";
		};
		2375CEC72561FDDC00ED0DB1 /* Course */ = {
			isa = PBXGroup;
			children = (
				79DCCA00255C959E000CAB0C /* CourseView.swift */,
				79A125D625606B0D008A3A90 /* CourseDetailView.swift */,
				79852E2325604E9800CEB5B1 /* AddCourse.swift */,
				23196995257B96B600F8CCCA /* CourseSettingView.swift */,
			);
			path = Course;
			sourceTree = "<group>";
		};
		2375CEC82561FDFB00ED0DB1 /* Settings */ = {
			isa = PBXGroup;
			children = (
				790F44C2255C8E2F0066ECA4 /* Settings.swift */,
				79A125D92560CBA9008A3A90 /* TagSettings.swift */,
			);
			path = Settings;
			sourceTree = "<group>";
		};
		237E09A7253A65F400B26AB2 /* Utilities */ = {
			isa = PBXGroup;
			children = (
				237E09A8253A661E00B26AB2 /* Date+Ext.swift */,
				23F332CD25463091007811B2 /* String+Ext.swift */,
				23D0A6CB25620A0400AC1970 /* Collection+Ext.swift */,
				230BB7092573359300FD0572 /* Color+Ext.swift */,
				237CC856257C04C800F4D562 /* Util.swift */,
				23DEC733257C13D200888D12 /* Binding+Ext.swift */,
			);
			path = Utilities;
			sourceTree = "<group>";
		};
		794B38AE256F23FA008BA859 /* Extra Edit Views */ = {
			isa = PBXGroup;
			children = (
				79A125D325606958008A3A90 /* EditCourseView.swift */,
				224AA7E2252E696800194BF5 /* EditAssignmentView.swift */,
			);
			path = "Extra Edit Views";
			sourceTree = "<group>";
		};
/* End PBXGroup section */

/* Begin PBXNativeTarget section */
		22D5434E252E67970069E6D2 /* UIUC Student Planner */ = {
			isa = PBXNativeTarget;
			buildConfigurationList = 22D54363252E67980069E6D2 /* Build configuration list for PBXNativeTarget "UIUC Student Planner" */;
			buildPhases = (
				22D5434B252E67970069E6D2 /* Sources */,
				22D5434C252E67970069E6D2 /* Frameworks */,
				22D5434D252E67970069E6D2 /* Resources */,
			);
			buildRules = (
			);
			dependencies = (
			);
			name = "UIUC Student Planner";
			productName = "UIUC Student Planner";
			productReference = 22D5434F252E67970069E6D2 /* UIUC Student Planner.app */;
			productType = "com.apple.product-type.application";
		};
/* End PBXNativeTarget section */

/* Begin PBXProject section */
		22D54347252E67970069E6D2 /* Project object */ = {
			isa = PBXProject;
			attributes = {
				LastSwiftUpdateCheck = 1200;
				LastUpgradeCheck = 1200;
				TargetAttributes = {
					22D5434E252E67970069E6D2 = {
						CreatedOnToolsVersion = 12.0;
					};
				};
			};
			buildConfigurationList = 22D5434A252E67970069E6D2 /* Build configuration list for PBXProject "UIUC Student Planner" */;
			compatibilityVersion = "Xcode 9.3";
			developmentRegion = en;
			hasScannedForEncodings = 0;
			knownRegions = (
				en,
				Base,
			);
			mainGroup = 22D54346252E67970069E6D2;
			productRefGroup = 22D54350252E67970069E6D2 /* Products */;
			projectDirPath = "";
			projectRoot = "";
			targets = (
				22D5434E252E67970069E6D2 /* UIUC Student Planner */,
			);
		};
/* End PBXProject section */

/* Begin PBXResourcesBuildPhase section */
		22D5434D252E67970069E6D2 /* Resources */ = {
			isa = PBXResourcesBuildPhase;
			buildActionMask = 2147483647;
			files = (
				22D5435A252E67980069E6D2 /* Preview Assets.xcassets in Resources */,
				22D54357252E67980069E6D2 /* Assets.xcassets in Resources */,
			);
			runOnlyForDeploymentPostprocessing = 0;
		};
/* End PBXResourcesBuildPhase section */

/* Begin PBXSourcesBuildPhase section */
		22D5434B252E67970069E6D2 /* Sources */ = {
			isa = PBXSourcesBuildPhase;
			buildActionMask = 2147483647;
			files = (
				230DB4D7253F9CBB005D7427 /* DeadlinePickerView.swift in Sources */,
				23DEC734257C13D200888D12 /* Binding+Ext.swift in Sources */,
				237CC853257BE2C400F4D562 /* AssignmentCardView.swift in Sources */,
				79A125D425606958008A3A90 /* EditCourseView.swift in Sources */,
				79A125D725606B0D008A3A90 /* CourseDetailView.swift in Sources */,
				790F44BC255C8CA90066ECA4 /* HomeView.swift in Sources */,
				22D5435F252E67980069E6D2 /* UIUC_Student_Planner.xcdatamodeld in Sources */,
				79DCCA01255C959E000CAB0C /* CourseView.swift in Sources */,
				79852E2425604E9800CEB5B1 /* AddCourse.swift in Sources */,
				230BB70A2573359300FD0572 /* Color+Ext.swift in Sources */,
				224AA7E3252E696800194BF5 /* EditAssignmentView.swift in Sources */,
				132BEBE825803B5200402C5D /* FilterItems.swift in Sources */,
				A8D2211A253D256500E2A13A /* AssignmentAttributes.swift in Sources */,
				79A125DA2560CBA9008A3A90 /* TagSettings.swift in Sources */,
				22D5435C252E67980069E6D2 /* Persistence.swift in Sources */,
				13288AC62541158600AA9EEF /* CircleImage.swift in Sources */,
				23D0A6CC25620A0400AC1970 /* Collection+Ext.swift in Sources */,
				237E09A9253A661E00B26AB2 /* Date+Ext.swift in Sources */,
				23196996257B96B600F8CCCA /* CourseSettingView.swift in Sources */,
				224AA7E9252E698700194BF5 /* AssignmentView.swift in Sources */,
				790F44C3255C8E2F0066ECA4 /* Settings.swift in Sources */,
				23F332CE25463091007811B2 /* String+Ext.swift in Sources */,
				224AA7E6252E697B00194BF5 /* AddAssignmentView.swift in Sources */,
				22D54355252E67970069E6D2 /* ContentView.swift in Sources */,
				237CC857257C04C800F4D562 /* Util.swift in Sources */,
				23F332C725461D46007811B2 /* TagView.swift in Sources */,
				22D54353252E67970069E6D2 /* UIUC_Student_PlannerApp.swift in Sources */,
			);
			runOnlyForDeploymentPostprocessing = 0;
		};
/* End PBXSourcesBuildPhase section */

/* Begin XCBuildConfiguration section */
		22D54361252E67980069E6D2 /* Debug */ = {
			isa = XCBuildConfiguration;
			buildSettings = {
				ALWAYS_SEARCH_USER_PATHS = NO;
				CLANG_ANALYZER_NONNULL = YES;
				CLANG_ANALYZER_NUMBER_OBJECT_CONVERSION = YES_AGGRESSIVE;
				CLANG_CXX_LANGUAGE_STANDARD = "gnu++14";
				CLANG_CXX_LIBRARY = "libc++";
				CLANG_ENABLE_MODULES = YES;
				CLANG_ENABLE_OBJC_ARC = YES;
				CLANG_ENABLE_OBJC_WEAK = YES;
				CLANG_WARN_BLOCK_CAPTURE_AUTORELEASING = YES;
				CLANG_WARN_BOOL_CONVERSION = YES;
				CLANG_WARN_COMMA = YES;
				CLANG_WARN_CONSTANT_CONVERSION = YES;
				CLANG_WARN_DEPRECATED_OBJC_IMPLEMENTATIONS = YES;
				CLANG_WARN_DIRECT_OBJC_ISA_USAGE = YES_ERROR;
				CLANG_WARN_DOCUMENTATION_COMMENTS = YES;
				CLANG_WARN_EMPTY_BODY = YES;
				CLANG_WARN_ENUM_CONVERSION = YES;
				CLANG_WARN_INFINITE_RECURSION = YES;
				CLANG_WARN_INT_CONVERSION = YES;
				CLANG_WARN_NON_LITERAL_NULL_CONVERSION = YES;
				CLANG_WARN_OBJC_IMPLICIT_RETAIN_SELF = YES;
				CLANG_WARN_OBJC_LITERAL_CONVERSION = YES;
				CLANG_WARN_OBJC_ROOT_CLASS = YES_ERROR;
				CLANG_WARN_QUOTED_INCLUDE_IN_FRAMEWORK_HEADER = YES;
				CLANG_WARN_RANGE_LOOP_ANALYSIS = YES;
				CLANG_WARN_STRICT_PROTOTYPES = YES;
				CLANG_WARN_SUSPICIOUS_MOVE = YES;
				CLANG_WARN_UNGUARDED_AVAILABILITY = YES_AGGRESSIVE;
				CLANG_WARN_UNREACHABLE_CODE = YES;
				CLANG_WARN__DUPLICATE_METHOD_MATCH = YES;
				COPY_PHASE_STRIP = NO;
				DEBUG_INFORMATION_FORMAT = dwarf;
				ENABLE_STRICT_OBJC_MSGSEND = YES;
				ENABLE_TESTABILITY = YES;
				GCC_C_LANGUAGE_STANDARD = gnu11;
				GCC_DYNAMIC_NO_PIC = NO;
				GCC_NO_COMMON_BLOCKS = YES;
				GCC_OPTIMIZATION_LEVEL = 0;
				GCC_PREPROCESSOR_DEFINITIONS = (
					"DEBUG=1",
					"$(inherited)",
				);
				GCC_WARN_64_TO_32_BIT_CONVERSION = YES;
				GCC_WARN_ABOUT_RETURN_TYPE = YES_ERROR;
				GCC_WARN_UNDECLARED_SELECTOR = YES;
				GCC_WARN_UNINITIALIZED_AUTOS = YES_AGGRESSIVE;
				GCC_WARN_UNUSED_FUNCTION = YES;
				GCC_WARN_UNUSED_VARIABLE = YES;
				IPHONEOS_DEPLOYMENT_TARGET = 14.0;
				MTL_ENABLE_DEBUG_INFO = INCLUDE_SOURCE;
				MTL_FAST_MATH = YES;
				ONLY_ACTIVE_ARCH = YES;
				SDKROOT = iphoneos;
				SWIFT_ACTIVE_COMPILATION_CONDITIONS = DEBUG;
				SWIFT_OPTIMIZATION_LEVEL = "-Onone";
			};
			name = Debug;
		};
		22D54362252E67980069E6D2 /* Release */ = {
			isa = XCBuildConfiguration;
			buildSettings = {
				ALWAYS_SEARCH_USER_PATHS = NO;
				CLANG_ANALYZER_NONNULL = YES;
				CLANG_ANALYZER_NUMBER_OBJECT_CONVERSION = YES_AGGRESSIVE;
				CLANG_CXX_LANGUAGE_STANDARD = "gnu++14";
				CLANG_CXX_LIBRARY = "libc++";
				CLANG_ENABLE_MODULES = YES;
				CLANG_ENABLE_OBJC_ARC = YES;
				CLANG_ENABLE_OBJC_WEAK = YES;
				CLANG_WARN_BLOCK_CAPTURE_AUTORELEASING = YES;
				CLANG_WARN_BOOL_CONVERSION = YES;
				CLANG_WARN_COMMA = YES;
				CLANG_WARN_CONSTANT_CONVERSION = YES;
				CLANG_WARN_DEPRECATED_OBJC_IMPLEMENTATIONS = YES;
				CLANG_WARN_DIRECT_OBJC_ISA_USAGE = YES_ERROR;
				CLANG_WARN_DOCUMENTATION_COMMENTS = YES;
				CLANG_WARN_EMPTY_BODY = YES;
				CLANG_WARN_ENUM_CONVERSION = YES;
				CLANG_WARN_INFINITE_RECURSION = YES;
				CLANG_WARN_INT_CONVERSION = YES;
				CLANG_WARN_NON_LITERAL_NULL_CONVERSION = YES;
				CLANG_WARN_OBJC_IMPLICIT_RETAIN_SELF = YES;
				CLANG_WARN_OBJC_LITERAL_CONVERSION = YES;
				CLANG_WARN_OBJC_ROOT_CLASS = YES_ERROR;
				CLANG_WARN_QUOTED_INCLUDE_IN_FRAMEWORK_HEADER = YES;
				CLANG_WARN_RANGE_LOOP_ANALYSIS = YES;
				CLANG_WARN_STRICT_PROTOTYPES = YES;
				CLANG_WARN_SUSPICIOUS_MOVE = YES;
				CLANG_WARN_UNGUARDED_AVAILABILITY = YES_AGGRESSIVE;
				CLANG_WARN_UNREACHABLE_CODE = YES;
				CLANG_WARN__DUPLICATE_METHOD_MATCH = YES;
				COPY_PHASE_STRIP = NO;
				DEBUG_INFORMATION_FORMAT = "dwarf-with-dsym";
				ENABLE_NS_ASSERTIONS = NO;
				ENABLE_STRICT_OBJC_MSGSEND = YES;
				GCC_C_LANGUAGE_STANDARD = gnu11;
				GCC_NO_COMMON_BLOCKS = YES;
				GCC_WARN_64_TO_32_BIT_CONVERSION = YES;
				GCC_WARN_ABOUT_RETURN_TYPE = YES_ERROR;
				GCC_WARN_UNDECLARED_SELECTOR = YES;
				GCC_WARN_UNINITIALIZED_AUTOS = YES_AGGRESSIVE;
				GCC_WARN_UNUSED_FUNCTION = YES;
				GCC_WARN_UNUSED_VARIABLE = YES;
				IPHONEOS_DEPLOYMENT_TARGET = 14.0;
				MTL_ENABLE_DEBUG_INFO = NO;
				MTL_FAST_MATH = YES;
				SDKROOT = iphoneos;
				SWIFT_COMPILATION_MODE = wholemodule;
				SWIFT_OPTIMIZATION_LEVEL = "-O";
				VALIDATE_PRODUCT = YES;
			};
			name = Release;
		};
		22D54364252E67980069E6D2 /* Debug */ = {
			isa = XCBuildConfiguration;
			buildSettings = {
				ASSETCATALOG_COMPILER_APPICON_NAME = AppIcon;
				ASSETCATALOG_COMPILER_GLOBAL_ACCENT_COLOR_NAME = AccentColor;
				CODE_SIGN_STYLE = Automatic;
				DEVELOPMENT_ASSET_PATHS = "\"UIUC Student Planner/Preview Content\"";
				DEVELOPMENT_TEAM = A8PBUALBAK;
				ENABLE_PREVIEWS = YES;
				INFOPLIST_FILE = "UIUC Student Planner/Info.plist";
				IPHONEOS_DEPLOYMENT_TARGET = 14.0;
				LD_RUNPATH_SEARCH_PATHS = (
					"$(inherited)",
					"@executable_path/Frameworks",
				);
				PRODUCT_BUNDLE_IDENTIFIER = "edu.illinois.cs.cs196.UIUC-Student-Planner";
				PRODUCT_NAME = "$(TARGET_NAME)";
				SWIFT_VERSION = 5.0;
				TARGETED_DEVICE_FAMILY = "1,2";
			};
			name = Debug;
		};
		22D54365252E67980069E6D2 /* Release */ = {
			isa = XCBuildConfiguration;
			buildSettings = {
				ASSETCATALOG_COMPILER_APPICON_NAME = AppIcon;
				ASSETCATALOG_COMPILER_GLOBAL_ACCENT_COLOR_NAME = AccentColor;
				CODE_SIGN_STYLE = Automatic;
				DEVELOPMENT_ASSET_PATHS = "\"UIUC Student Planner/Preview Content\"";
				DEVELOPMENT_TEAM = A8PBUALBAK;
				ENABLE_PREVIEWS = YES;
				INFOPLIST_FILE = "UIUC Student Planner/Info.plist";
				IPHONEOS_DEPLOYMENT_TARGET = 14.0;
				LD_RUNPATH_SEARCH_PATHS = (
					"$(inherited)",
					"@executable_path/Frameworks",
				);
				PRODUCT_BUNDLE_IDENTIFIER = "edu.illinois.cs.cs196.UIUC-Student-Planner";
				PRODUCT_NAME = "$(TARGET_NAME)";
				SWIFT_VERSION = 5.0;
				TARGETED_DEVICE_FAMILY = "1,2";
			};
			name = Release;
		};
/* End XCBuildConfiguration section */

/* Begin XCConfigurationList section */
		22D5434A252E67970069E6D2 /* Build configuration list for PBXProject "UIUC Student Planner" */ = {
			isa = XCConfigurationList;
			buildConfigurations = (
				22D54361252E67980069E6D2 /* Debug */,
				22D54362252E67980069E6D2 /* Release */,
			);
			defaultConfigurationIsVisible = 0;
			defaultConfigurationName = Release;
		};
		22D54363252E67980069E6D2 /* Build configuration list for PBXNativeTarget "UIUC Student Planner" */ = {
			isa = XCConfigurationList;
			buildConfigurations = (
				22D54364252E67980069E6D2 /* Debug */,
				22D54365252E67980069E6D2 /* Release */,
			);
			defaultConfigurationIsVisible = 0;
			defaultConfigurationName = Release;
		};
/* End XCConfigurationList section */

/* Begin XCVersionGroup section */
		22D5435D252E67980069E6D2 /* UIUC_Student_Planner.xcdatamodeld */ = {
			isa = XCVersionGroup;
			children = (
				22D5435E252E67980069E6D2 /* UIUC_Student_Planner.xcdatamodel */,
			);
			currentVersion = 22D5435E252E67980069E6D2 /* UIUC_Student_Planner.xcdatamodel */;
			path = UIUC_Student_Planner.xcdatamodeld;
			sourceTree = "<group>";
			versionGroupType = wrapper.xcdatamodel;
		};
/* End XCVersionGroup section */
	};
	rootObject = 22D54347252E67970069E6D2 /* Project object */;
}
